
Microsoft Visual Studio Solution File, Format Version 12.00
# Visual Studio 15
VisualStudioVersion = 15.0.27703.2042
MinimumVisualStudioVersion = 10.0.40219.1
Project("{FAE04EC0-301F-11D3-BF4B-00C04F79EFBC}") = "Calculator1", "Calculator1\Calculator1.csproj", "{4B9826EA-B6F6-41F3-8B91-83491A6EEA18}"
EndProject
Project("{FAE04EC0-301F-11D3-BF4B-00C04F79EFBC}") = "UnitTestProject1", "UnitTestProject1\UnitTestProject1.csproj", "{487C3A96-7E19-4D6F-B320-5C0422E0FEF2}"
EndProject
Global
	GlobalSection(SolutionConfigurationPlatforms) = preSolution
		Debug|Any CPU = Debug|Any CPU
		Release|Any CPU = Release|Any CPU
	EndGlobalSection
	GlobalSection(ProjectConfigurationPlatforms) = postSolution
		{4B9826EA-B6F6-41F3-8B91-83491A6EEA18}.Debug|Any CPU.ActiveCfg = Debug|Any CPU
		{4B9826EA-B6F6-41F3-8B91-83491A6EEA18}.Debug|Any CPU.Build.0 = Debug|Any CPU
		{4B9826EA-B6F6-41F3-8B91-83491A6EEA18}.Release|Any CPU.ActiveCfg = Release|Any CPU
		{4B9826EA-B6F6-41F3-8B91-83491A6EEA18}.Release|Any CPU.Build.0 = Release|Any CPU
		{487C3A96-7E19-4D6F-B320-5C0422E0FEF2}.Debug|Any CPU.ActiveCfg = Debug|Any CPU
		{487C3A96-7E19-4D6F-B320-5C0422E0FEF2}.Debug|Any CPU.Build.0 = Debug|Any CPU
		{487C3A96-7E19-4D6F-B320-5C0422E0FEF2}.Release|Any CPU.ActiveCfg = Release|Any CPU
		{487C3A96-7E19-4D6F-B320-5C0422E0FEF2}.Release|Any CPU.Build.0 = Release|Any CPU
	EndGlobalSection
	GlobalSection(SolutionProperties) = preSolution
		HideSolutionNode = FALSE
	EndGlobalSection
	GlobalSection(ExtensibilityGlobals) = postSolution
		SolutionGuid = {1DDE5903-3608-4D65-8D90-26DD6D7B3BD4}
	EndGlobalSection
EndGlobal
