
Microsoft Visual Studio Solution File, Format Version 12.00
# Visual Studio 14
VisualStudioVersion = 14.0.25420.1
MinimumVisualStudioVersion = 10.0.40219.1
Project("{FAE04EC0-301F-11D3-BF4B-00C04F79EFBC}") = "phCalculator", "phCalculator\phCalculator.csproj", "{B030F918-9322-42C3-A559-3A49F94D1A92}"
EndProject
Project("{FAE04EC0-301F-11D3-BF4B-00C04F79EFBC}") = "phCalculatorTests3", "phCalculatorTests3\phCalculatorTests3.csproj", "{264A814A-FD0B-4017-A2BF-6A98EA7E79E9}"
EndProject
Global
	GlobalSection(SolutionConfigurationPlatforms) = preSolution
		Debug|Any CPU = Debug|Any CPU
		Release|Any CPU = Release|Any CPU
	EndGlobalSection
	GlobalSection(ProjectConfigurationPlatforms) = postSolution
		{B030F918-9322-42C3-A559-3A49F94D1A92}.Debug|Any CPU.ActiveCfg = Debug|Any CPU
		{B030F918-9322-42C3-A559-3A49F94D1A92}.Debug|Any CPU.Build.0 = Debug|Any CPU
		{B030F918-9322-42C3-A559-3A49F94D1A92}.Release|Any CPU.ActiveCfg = Release|Any CPU
		{B030F918-9322-42C3-A559-3A49F94D1A92}.Release|Any CPU.Build.0 = Release|Any CPU
		{264A814A-FD0B-4017-A2BF-6A98EA7E79E9}.Debug|Any CPU.ActiveCfg = Debug|Any CPU
		{264A814A-FD0B-4017-A2BF-6A98EA7E79E9}.Debug|Any CPU.Build.0 = Debug|Any CPU
		{264A814A-FD0B-4017-A2BF-6A98EA7E79E9}.Release|Any CPU.ActiveCfg = Release|Any CPU
		{264A814A-FD0B-4017-A2BF-6A98EA7E79E9}.Release|Any CPU.Build.0 = Release|Any CPU
	EndGlobalSection
	GlobalSection(SolutionProperties) = preSolution
		HideSolutionNode = FALSE
	EndGlobalSection
EndGlobal
