
Microsoft Visual Studio Solution File, Format Version 12.00
# Visual Studio 15
VisualStudioVersion = 15.0.27703.2042
MinimumVisualStudioVersion = 10.0.40219.1
Project("{FAE04EC0-301F-11D3-BF4B-00C04F79EFBC}") = "ConsoleApp2", "ConsoleApp2\ConsoleApp2.csproj", "{77967455-8945-4779-A6A0-AD0E343021B5}"
EndProject
Project("{FAE04EC0-301F-11D3-BF4B-00C04F79EFBC}") = "ConsoleApp2Tests", "ConsoleApp2Tests\ConsoleApp2Tests.csproj", "{AC12A83A-A545-4686-B3C9-7D78DC9AAFFE}"
EndProject
Global
	GlobalSection(SolutionConfigurationPlatforms) = preSolution
		Debug|Any CPU = Debug|Any CPU
		Release|Any CPU = Release|Any CPU
	EndGlobalSection
	GlobalSection(ProjectConfigurationPlatforms) = postSolution
		{77967455-8945-4779-A6A0-AD0E343021B5}.Debug|Any CPU.ActiveCfg = Debug|Any CPU
		{77967455-8945-4779-A6A0-AD0E343021B5}.Debug|Any CPU.Build.0 = Debug|Any CPU
		{77967455-8945-4779-A6A0-AD0E343021B5}.Release|Any CPU.ActiveCfg = Release|Any CPU
		{77967455-8945-4779-A6A0-AD0E343021B5}.Release|Any CPU.Build.0 = Release|Any CPU
		{AC12A83A-A545-4686-B3C9-7D78DC9AAFFE}.Debug|Any CPU.ActiveCfg = Debug|Any CPU
		{AC12A83A-A545-4686-B3C9-7D78DC9AAFFE}.Debug|Any CPU.Build.0 = Debug|Any CPU
		{AC12A83A-A545-4686-B3C9-7D78DC9AAFFE}.Release|Any CPU.ActiveCfg = Release|Any CPU
		{AC12A83A-A545-4686-B3C9-7D78DC9AAFFE}.Release|Any CPU.Build.0 = Release|Any CPU
	EndGlobalSection
	GlobalSection(SolutionProperties) = preSolution
		HideSolutionNode = FALSE
	EndGlobalSection
	GlobalSection(ExtensibilityGlobals) = postSolution
		SolutionGuid = {C0D8734B-B177-4161-A0CF-46FB6F7DF8B0}
	EndGlobalSection
EndGlobal
