
Microsoft Visual Studio Solution File, Format Version 12.00
# Visual Studio 15
VisualStudioVersion = 15.0.28307.852
MinimumVisualStudioVersion = 10.0.40219.1
Project("{FAE04EC0-301F-11D3-BF4B-00C04F79EFBC}") = "zhangxuCaculator", "zhangxuCaculator\zhangxuCaculator.csproj", "{25601255-979D-4FFA-84B8-8FF12954A0AE}"
EndProject
Project("{FAE04EC0-301F-11D3-BF4B-00C04F79EFBC}") = "zhangxuCaculatorTests", "zhangxuCaculatorTests\zhangxuCaculatorTests.csproj", "{F8441009-B59A-4EE4-B7E9-447B814C4F53}"
EndProject
Global
	GlobalSection(SolutionConfigurationPlatforms) = preSolution
		Debug|Any CPU = Debug|Any CPU
		Release|Any CPU = Release|Any CPU
	EndGlobalSection
	GlobalSection(ProjectConfigurationPlatforms) = postSolution
		{25601255-979D-4FFA-84B8-8FF12954A0AE}.Debug|Any CPU.ActiveCfg = Debug|Any CPU
		{25601255-979D-4FFA-84B8-8FF12954A0AE}.Debug|Any CPU.Build.0 = Debug|Any CPU
		{25601255-979D-4FFA-84B8-8FF12954A0AE}.Release|Any CPU.ActiveCfg = Release|Any CPU
		{25601255-979D-4FFA-84B8-8FF12954A0AE}.Release|Any CPU.Build.0 = Release|Any CPU
		{F8441009-B59A-4EE4-B7E9-447B814C4F53}.Debug|Any CPU.ActiveCfg = Debug|Any CPU
		{F8441009-B59A-4EE4-B7E9-447B814C4F53}.Debug|Any CPU.Build.0 = Debug|Any CPU
		{F8441009-B59A-4EE4-B7E9-447B814C4F53}.Release|Any CPU.ActiveCfg = Release|Any CPU
		{F8441009-B59A-4EE4-B7E9-447B814C4F53}.Release|Any CPU.Build.0 = Release|Any CPU
	EndGlobalSection
	GlobalSection(SolutionProperties) = preSolution
		HideSolutionNode = FALSE
	EndGlobalSection
	GlobalSection(ExtensibilityGlobals) = postSolution
		SolutionGuid = {812C50B8-1020-4578-8477-75C33F7AF05E}
	EndGlobalSection
EndGlobal
