
Microsoft Visual Studio Solution File, Format Version 12.00
# Visual Studio 14
VisualStudioVersion = 14.0.25420.1
MinimumVisualStudioVersion = 10.0.40219.1
Project("{FAE04EC0-301F-11D3-BF4B-00C04F79EFBC}") = "ConsoleApplication1", "ConsoleApplication1\ConsoleApplication1.csproj", "{EBC02A17-7E3B-4C00-ACF5-E4F38C1525D8}"
EndProject
Project("{FAE04EC0-301F-11D3-BF4B-00C04F79EFBC}") = "UnitTestProject1", "UnitTestProject1\UnitTestProject1.csproj", "{4EDA903A-C5F9-489F-A2C1-1214D1A483CD}"
EndProject
Project("{FAE04EC0-301F-11D3-BF4B-00C04F79EFBC}") = "UnitTestProject3", "UnitTestProject3\UnitTestProject3.csproj", "{05E247FC-F35D-4A99-9A99-D369B3ABA4C5}"
EndProject
Global
	GlobalSection(SolutionConfigurationPlatforms) = preSolution
		Debug|Any CPU = Debug|Any CPU
		Release|Any CPU = Release|Any CPU
	EndGlobalSection
	GlobalSection(ProjectConfigurationPlatforms) = postSolution
		{EBC02A17-7E3B-4C00-ACF5-E4F38C1525D8}.Debug|Any CPU.ActiveCfg = Debug|Any CPU
		{EBC02A17-7E3B-4C00-ACF5-E4F38C1525D8}.Debug|Any CPU.Build.0 = Debug|Any CPU
		{EBC02A17-7E3B-4C00-ACF5-E4F38C1525D8}.Release|Any CPU.ActiveCfg = Release|Any CPU
		{EBC02A17-7E3B-4C00-ACF5-E4F38C1525D8}.Release|Any CPU.Build.0 = Release|Any CPU
		{4EDA903A-C5F9-489F-A2C1-1214D1A483CD}.Debug|Any CPU.ActiveCfg = Debug|Any CPU
		{4EDA903A-C5F9-489F-A2C1-1214D1A483CD}.Debug|Any CPU.Build.0 = Debug|Any CPU
		{4EDA903A-C5F9-489F-A2C1-1214D1A483CD}.Release|Any CPU.ActiveCfg = Release|Any CPU
		{4EDA903A-C5F9-489F-A2C1-1214D1A483CD}.Release|Any CPU.Build.0 = Release|Any CPU
		{05E247FC-F35D-4A99-9A99-D369B3ABA4C5}.Debug|Any CPU.ActiveCfg = Debug|Any CPU
		{05E247FC-F35D-4A99-9A99-D369B3ABA4C5}.Debug|Any CPU.Build.0 = Debug|Any CPU
		{05E247FC-F35D-4A99-9A99-D369B3ABA4C5}.Release|Any CPU.ActiveCfg = Release|Any CPU
		{05E247FC-F35D-4A99-9A99-D369B3ABA4C5}.Release|Any CPU.Build.0 = Release|Any CPU
	EndGlobalSection
	GlobalSection(SolutionProperties) = preSolution
		HideSolutionNode = FALSE
	EndGlobalSection
EndGlobal
