
Microsoft Visual Studio Solution File, Format Version 12.00
# Visual Studio 15
VisualStudioVersion = 15.0.28307.852
MinimumVisualStudioVersion = 10.0.40219.1
Project("{8BC9CEB8-8B4A-11D0-8D11-00A0C91BC942}") = "ConsoleApplication1", "ConsoleApplication1\ConsoleApplication1.vcxproj", "{1501A618-20CB-45E9-B2B1-3774D21F762F}"
EndProject
Project("{8BC9CEB8-8B4A-11D0-8D11-00A0C91BC942}") = "UnitTest1", "UnitTest1\UnitTest1.vcxproj", "{4CA1988D-E86D-4521-9106-EBF1D1090FA9}"
EndProject
Global
	GlobalSection(SolutionConfigurationPlatforms) = preSolution
		Debug|x64 = Debug|x64
		Debug|x86 = Debug|x86
		Release|x64 = Release|x64
		Release|x86 = Release|x86
	EndGlobalSection
	GlobalSection(ProjectConfigurationPlatforms) = postSolution
		{1501A618-20CB-45E9-B2B1-3774D21F762F}.Debug|x64.ActiveCfg = Debug|x64
		{1501A618-20CB-45E9-B2B1-3774D21F762F}.Debug|x64.Build.0 = Debug|x64
		{1501A618-20CB-45E9-B2B1-3774D21F762F}.Debug|x86.ActiveCfg = Debug|Win32
		{1501A618-20CB-45E9-B2B1-3774D21F762F}.Debug|x86.Build.0 = Debug|Win32
		{1501A618-20CB-45E9-B2B1-3774D21F762F}.Release|x64.ActiveCfg = Release|x64
		{1501A618-20CB-45E9-B2B1-3774D21F762F}.Release|x64.Build.0 = Release|x64
		{1501A618-20CB-45E9-B2B1-3774D21F762F}.Release|x86.ActiveCfg = Release|Win32
		{1501A618-20CB-45E9-B2B1-3774D21F762F}.Release|x86.Build.0 = Release|Win32
		{4CA1988D-E86D-4521-9106-EBF1D1090FA9}.Debug|x64.ActiveCfg = Debug|x64
		{4CA1988D-E86D-4521-9106-EBF1D1090FA9}.Debug|x64.Build.0 = Debug|x64
		{4CA1988D-E86D-4521-9106-EBF1D1090FA9}.Debug|x86.ActiveCfg = Debug|Win32
		{4CA1988D-E86D-4521-9106-EBF1D1090FA9}.Debug|x86.Build.0 = Debug|Win32
		{4CA1988D-E86D-4521-9106-EBF1D1090FA9}.Release|x64.ActiveCfg = Release|x64
		{4CA1988D-E86D-4521-9106-EBF1D1090FA9}.Release|x64.Build.0 = Release|x64
		{4CA1988D-E86D-4521-9106-EBF1D1090FA9}.Release|x86.ActiveCfg = Release|Win32
		{4CA1988D-E86D-4521-9106-EBF1D1090FA9}.Release|x86.Build.0 = Release|Win32
	EndGlobalSection
	GlobalSection(SolutionProperties) = preSolution
		HideSolutionNode = FALSE
	EndGlobalSection
	GlobalSection(ExtensibilityGlobals) = postSolution
		SolutionGuid = {BA3B7B7B-5CDD-4A1B-A9EA-B378238E952D}
	EndGlobalSection
EndGlobal
