
Microsoft Visual Studio Solution File, Format Version 12.00
# Visual Studio Version 16
VisualStudioVersion = 16.0.29306.81
MinimumVisualStudioVersion = 10.0.40219.1
Project("{FAE04EC0-301F-11D3-BF4B-00C04F79EFBC}") = "StepEnter", "StepEnter\StepEnter.csproj", "{9938AEA4-9754-44D4-B59D-D02EB9AA08E7}"
EndProject
Global
	GlobalSection(SolutionConfigurationPlatforms) = preSolution
		Debug|Any CPU = Debug|Any CPU
		Release|Any CPU = Release|Any CPU
	EndGlobalSection
	GlobalSection(ProjectConfigurationPlatforms) = postSolution
		{9938AEA4-9754-44D4-B59D-D02EB9AA08E7}.Debug|Any CPU.ActiveCfg = Debug|Any CPU
		{9938AEA4-9754-44D4-B59D-D02EB9AA08E7}.Debug|Any CPU.Build.0 = Debug|Any CPU
		{9938AEA4-9754-44D4-B59D-D02EB9AA08E7}.Release|Any CPU.ActiveCfg = Release|Any CPU
		{9938AEA4-9754-44D4-B59D-D02EB9AA08E7}.Release|Any CPU.Build.0 = Release|Any CPU
	EndGlobalSection
	GlobalSection(SolutionProperties) = preSolution
		HideSolutionNode = FALSE
	EndGlobalSection
	GlobalSection(ExtensibilityGlobals) = postSolution
		SolutionGuid = {B142FEF3-D632-4897-9024-EA4A37924044}
	EndGlobalSection
EndGlobal
