
Microsoft Visual Studio Solution File, Format Version 12.00
# Visual Studio Version 16
VisualStudioVersion = 16.0.28922.388
MinimumVisualStudioVersion = 10.0.40219.1
Project("{FAE04EC0-301F-11D3-BF4B-00C04F79EFBC}") = "Calculater", "Calculater\Calculater.csproj", "{B62D7755-6036-4460-8B61-7CADA328A082}"
EndProject
Project("{FAE04EC0-301F-11D3-BF4B-00C04F79EFBC}") = "UnitTest", "UnitTest\UnitTest.csproj", "{4DAE4E84-37EC-4F61-A9CB-E851D75FC6CA}"
EndProject
Global
	GlobalSection(SolutionConfigurationPlatforms) = preSolution
		Debug|Any CPU = Debug|Any CPU
		Release|Any CPU = Release|Any CPU
	EndGlobalSection
	GlobalSection(ProjectConfigurationPlatforms) = postSolution
		{B62D7755-6036-4460-8B61-7CADA328A082}.Debug|Any CPU.ActiveCfg = Debug|Any CPU
		{B62D7755-6036-4460-8B61-7CADA328A082}.Debug|Any CPU.Build.0 = Debug|Any CPU
		{B62D7755-6036-4460-8B61-7CADA328A082}.Release|Any CPU.ActiveCfg = Release|Any CPU
		{B62D7755-6036-4460-8B61-7CADA328A082}.Release|Any CPU.Build.0 = Release|Any CPU
		{4DAE4E84-37EC-4F61-A9CB-E851D75FC6CA}.Debug|Any CPU.ActiveCfg = Debug|Any CPU
		{4DAE4E84-37EC-4F61-A9CB-E851D75FC6CA}.Debug|Any CPU.Build.0 = Debug|Any CPU
		{4DAE4E84-37EC-4F61-A9CB-E851D75FC6CA}.Release|Any CPU.ActiveCfg = Release|Any CPU
		{4DAE4E84-37EC-4F61-A9CB-E851D75FC6CA}.Release|Any CPU.Build.0 = Release|Any CPU
	EndGlobalSection
	GlobalSection(SolutionProperties) = preSolution
		HideSolutionNode = FALSE
	EndGlobalSection
	GlobalSection(ExtensibilityGlobals) = postSolution
		SolutionGuid = {DE0C4B65-6E8E-4B70-BE24-19CA7FA744BA}
	EndGlobalSection
EndGlobal
