
Microsoft Visual Studio Solution File, Format Version 12.00
# Visual Studio 14
VisualStudioVersion = 14.0.25420.1
MinimumVisualStudioVersion = 10.0.40219.1
Project("{FAE04EC0-301F-11D3-BF4B-00C04F79EFBC}") = "Calculator", "Calculator\Calculator.csproj", "{F03351C6-9CD7-441D-ABB1-A7736B22CFE2}"
EndProject
Project("{FAE04EC0-301F-11D3-BF4B-00C04F79EFBC}") = "CalculatorUnitTest", "CalculatorUnitTest\CalculatorUnitTest.csproj", "{291A67D8-ACAD-401C-953C-FA71AC71A952}"
EndProject
Global
	GlobalSection(SolutionConfigurationPlatforms) = preSolution
		Debug|Any CPU = Debug|Any CPU
		Release|Any CPU = Release|Any CPU
	EndGlobalSection
	GlobalSection(ProjectConfigurationPlatforms) = postSolution
		{F03351C6-9CD7-441D-ABB1-A7736B22CFE2}.Debug|Any CPU.ActiveCfg = Debug|Any CPU
		{F03351C6-9CD7-441D-ABB1-A7736B22CFE2}.Debug|Any CPU.Build.0 = Debug|Any CPU
		{F03351C6-9CD7-441D-ABB1-A7736B22CFE2}.Release|Any CPU.ActiveCfg = Release|Any CPU
		{F03351C6-9CD7-441D-ABB1-A7736B22CFE2}.Release|Any CPU.Build.0 = Release|Any CPU
		{291A67D8-ACAD-401C-953C-FA71AC71A952}.Debug|Any CPU.ActiveCfg = Debug|Any CPU
		{291A67D8-ACAD-401C-953C-FA71AC71A952}.Debug|Any CPU.Build.0 = Debug|Any CPU
		{291A67D8-ACAD-401C-953C-FA71AC71A952}.Release|Any CPU.ActiveCfg = Release|Any CPU
		{291A67D8-ACAD-401C-953C-FA71AC71A952}.Release|Any CPU.Build.0 = Release|Any CPU
	EndGlobalSection
	GlobalSection(SolutionProperties) = preSolution
		HideSolutionNode = FALSE
	EndGlobalSection
EndGlobal
