
Microsoft Visual Studio Solution File, Format Version 12.00
# Visual Studio 15
VisualStudioVersion = 15.0.28307.329
MinimumVisualStudioVersion = 10.0.40219.1
Project("{FAE04EC0-301F-11D3-BF4B-00C04F79EFBC}") = "MyCalculator", "MyCalculator\MyCalculator.csproj", "{44C77270-3F99-41CD-87FC-FD5D1474E472}"
EndProject
Project("{FAE04EC0-301F-11D3-BF4B-00C04F79EFBC}") = "MyCalculatorTests1", "MyCalculatorTests1\MyCalculatorTests1.csproj", "{5C67DC4E-9EC7-40FB-A9FA-37FF386216DE}"
EndProject
Global
	GlobalSection(SolutionConfigurationPlatforms) = preSolution
		Debug|Any CPU = Debug|Any CPU
		Release|Any CPU = Release|Any CPU
	EndGlobalSection
	GlobalSection(ProjectConfigurationPlatforms) = postSolution
		{44C77270-3F99-41CD-87FC-FD5D1474E472}.Debug|Any CPU.ActiveCfg = Debug|Any CPU
		{44C77270-3F99-41CD-87FC-FD5D1474E472}.Debug|Any CPU.Build.0 = Debug|Any CPU
		{44C77270-3F99-41CD-87FC-FD5D1474E472}.Release|Any CPU.ActiveCfg = Release|Any CPU
		{44C77270-3F99-41CD-87FC-FD5D1474E472}.Release|Any CPU.Build.0 = Release|Any CPU
		{5C67DC4E-9EC7-40FB-A9FA-37FF386216DE}.Debug|Any CPU.ActiveCfg = Debug|Any CPU
		{5C67DC4E-9EC7-40FB-A9FA-37FF386216DE}.Debug|Any CPU.Build.0 = Debug|Any CPU
		{5C67DC4E-9EC7-40FB-A9FA-37FF386216DE}.Release|Any CPU.ActiveCfg = Release|Any CPU
		{5C67DC4E-9EC7-40FB-A9FA-37FF386216DE}.Release|Any CPU.Build.0 = Release|Any CPU
	EndGlobalSection
	GlobalSection(SolutionProperties) = preSolution
		HideSolutionNode = FALSE
	EndGlobalSection
	GlobalSection(ExtensibilityGlobals) = postSolution
		SolutionGuid = {B2395FA0-B445-40B5-8D9A-67EF28FBCC3A}
	EndGlobalSection
EndGlobal
