
Microsoft Visual Studio Solution File, Format Version 12.00
# Visual Studio 15
VisualStudioVersion = 15.0.28307.852
MinimumVisualStudioVersion = 10.0.40219.1
Project("{FAE04EC0-301F-11D3-BF4B-00C04F79EFBC}") = "Calculator", "Calculator\Calculator.csproj", "{950BE8A0-C63E-482E-834C-41F6A51FE322}"
EndProject
Project("{FAE04EC0-301F-11D3-BF4B-00C04F79EFBC}") = "firsttest", "firsttest\firsttest.csproj", "{9F1310AF-B179-49BF-B7F2-A7A9FA934142}"
EndProject
Project("{FAE04EC0-301F-11D3-BF4B-00C04F79EFBC}") = "CalculatorTests", "CalculatorTests\CalculatorTests.csproj", "{2638AB25-F84E-433B-9561-40F56C974771}"
EndProject
Global
	GlobalSection(SolutionConfigurationPlatforms) = preSolution
		Debug|Any CPU = Debug|Any CPU
		Release|Any CPU = Release|Any CPU
	EndGlobalSection
	GlobalSection(ProjectConfigurationPlatforms) = postSolution
		{950BE8A0-C63E-482E-834C-41F6A51FE322}.Debug|Any CPU.ActiveCfg = Debug|Any CPU
		{950BE8A0-C63E-482E-834C-41F6A51FE322}.Debug|Any CPU.Build.0 = Debug|Any CPU
		{950BE8A0-C63E-482E-834C-41F6A51FE322}.Release|Any CPU.ActiveCfg = Release|Any CPU
		{950BE8A0-C63E-482E-834C-41F6A51FE322}.Release|Any CPU.Build.0 = Release|Any CPU
		{9F1310AF-B179-49BF-B7F2-A7A9FA934142}.Debug|Any CPU.ActiveCfg = Debug|Any CPU
		{9F1310AF-B179-49BF-B7F2-A7A9FA934142}.Debug|Any CPU.Build.0 = Debug|Any CPU
		{9F1310AF-B179-49BF-B7F2-A7A9FA934142}.Release|Any CPU.ActiveCfg = Release|Any CPU
		{9F1310AF-B179-49BF-B7F2-A7A9FA934142}.Release|Any CPU.Build.0 = Release|Any CPU
		{2638AB25-F84E-433B-9561-40F56C974771}.Debug|Any CPU.ActiveCfg = Debug|Any CPU
		{2638AB25-F84E-433B-9561-40F56C974771}.Debug|Any CPU.Build.0 = Debug|Any CPU
		{2638AB25-F84E-433B-9561-40F56C974771}.Release|Any CPU.ActiveCfg = Release|Any CPU
		{2638AB25-F84E-433B-9561-40F56C974771}.Release|Any CPU.Build.0 = Release|Any CPU
	EndGlobalSection
	GlobalSection(SolutionProperties) = preSolution
		HideSolutionNode = FALSE
	EndGlobalSection
	GlobalSection(ExtensibilityGlobals) = postSolution
		SolutionGuid = {205DF89E-221F-4FB9-BA89-081416EB960B}
	EndGlobalSection
EndGlobal
