
Microsoft Visual Studio Solution File, Format Version 12.00
# Visual Studio 15
VisualStudioVersion = 15.0.28307.852
MinimumVisualStudioVersion = 10.0.40219.1
Project("{FAE04EC0-301F-11D3-BF4B-00C04F79EFBC}") = "zhangying2", "zhangying2\zhangying2.csproj", "{A472DA3C-2775-44C6-89FE-8C9E7B913C51}"
EndProject
Project("{FAE04EC0-301F-11D3-BF4B-00C04F79EFBC}") = "UnitTestProject1", "UnitTestProject1\UnitTestProject1.csproj", "{66E4A233-327D-418F-AE99-710D00CC237A}"
EndProject
Global
	GlobalSection(SolutionConfigurationPlatforms) = preSolution
		Debug|Any CPU = Debug|Any CPU
		Release|Any CPU = Release|Any CPU
	EndGlobalSection
	GlobalSection(ProjectConfigurationPlatforms) = postSolution
		{A472DA3C-2775-44C6-89FE-8C9E7B913C51}.Debug|Any CPU.ActiveCfg = Debug|Any CPU
		{A472DA3C-2775-44C6-89FE-8C9E7B913C51}.Debug|Any CPU.Build.0 = Debug|Any CPU
		{A472DA3C-2775-44C6-89FE-8C9E7B913C51}.Release|Any CPU.ActiveCfg = Release|Any CPU
		{A472DA3C-2775-44C6-89FE-8C9E7B913C51}.Release|Any CPU.Build.0 = Release|Any CPU
		{66E4A233-327D-418F-AE99-710D00CC237A}.Debug|Any CPU.ActiveCfg = Debug|Any CPU
		{66E4A233-327D-418F-AE99-710D00CC237A}.Debug|Any CPU.Build.0 = Debug|Any CPU
		{66E4A233-327D-418F-AE99-710D00CC237A}.Release|Any CPU.ActiveCfg = Release|Any CPU
		{66E4A233-327D-418F-AE99-710D00CC237A}.Release|Any CPU.Build.0 = Release|Any CPU
	EndGlobalSection
	GlobalSection(SolutionProperties) = preSolution
		HideSolutionNode = FALSE
	EndGlobalSection
	GlobalSection(ExtensibilityGlobals) = postSolution
		SolutionGuid = {DD6877BD-795C-47B1-B76C-BFFCACADE62F}
	EndGlobalSection
EndGlobal
