
Microsoft Visual Studio Solution File, Format Version 12.00
# Visual Studio Version 16
VisualStudioVersion = 16.0.29009.5
MinimumVisualStudioVersion = 10.0.40219.1
Project("{FAE04EC0-301F-11D3-BF4B-00C04F79EFBC}") = "Test2", "Test2\Test2.csproj", "{C2623DE8-4BBD-4C96-95E3-A11873B54F16}"
EndProject
Project("{FAE04EC0-301F-11D3-BF4B-00C04F79EFBC}") = "Test2Tests", "Test2Tests\Test2Tests.csproj", "{9FCDDD07-8F43-4BDD-9E4F-99303DDBD492}"
EndProject
Project("{FAE04EC0-301F-11D3-BF4B-00C04F79EFBC}") = "Test2Tests1", "Test2Tests1\Test2Tests1.csproj", "{B7C39E74-E30E-4640-9064-79D84705D59A}"
EndProject
Global
	GlobalSection(SolutionConfigurationPlatforms) = preSolution
		Debug|Any CPU = Debug|Any CPU
		Release|Any CPU = Release|Any CPU
	EndGlobalSection
	GlobalSection(ProjectConfigurationPlatforms) = postSolution
		{C2623DE8-4BBD-4C96-95E3-A11873B54F16}.Debug|Any CPU.ActiveCfg = Debug|Any CPU
		{C2623DE8-4BBD-4C96-95E3-A11873B54F16}.Debug|Any CPU.Build.0 = Debug|Any CPU
		{C2623DE8-4BBD-4C96-95E3-A11873B54F16}.Release|Any CPU.ActiveCfg = Release|Any CPU
		{C2623DE8-4BBD-4C96-95E3-A11873B54F16}.Release|Any CPU.Build.0 = Release|Any CPU
		{9FCDDD07-8F43-4BDD-9E4F-99303DDBD492}.Debug|Any CPU.ActiveCfg = Debug|Any CPU
		{9FCDDD07-8F43-4BDD-9E4F-99303DDBD492}.Debug|Any CPU.Build.0 = Debug|Any CPU
		{9FCDDD07-8F43-4BDD-9E4F-99303DDBD492}.Release|Any CPU.ActiveCfg = Release|Any CPU
		{9FCDDD07-8F43-4BDD-9E4F-99303DDBD492}.Release|Any CPU.Build.0 = Release|Any CPU
		{B7C39E74-E30E-4640-9064-79D84705D59A}.Debug|Any CPU.ActiveCfg = Debug|Any CPU
		{B7C39E74-E30E-4640-9064-79D84705D59A}.Debug|Any CPU.Build.0 = Debug|Any CPU
		{B7C39E74-E30E-4640-9064-79D84705D59A}.Release|Any CPU.ActiveCfg = Release|Any CPU
		{B7C39E74-E30E-4640-9064-79D84705D59A}.Release|Any CPU.Build.0 = Release|Any CPU
	EndGlobalSection
	GlobalSection(SolutionProperties) = preSolution
		HideSolutionNode = FALSE
	EndGlobalSection
	GlobalSection(ExtensibilityGlobals) = postSolution
		SolutionGuid = {C241776A-85A0-4F53-8B93-55E56FFEEA72}
	EndGlobalSection
EndGlobal
