
Microsoft Visual Studio Solution File, Format Version 12.00
# Visual Studio 14
VisualStudioVersion = 14.0.25420.1
MinimumVisualStudioVersion = 10.0.40219.1
Project("{FAE04EC0-301F-11D3-BF4B-00C04F79EFBC}") = "ConsoleApplication2", "ConsoleApplication2\ConsoleApplication2.csproj", "{C1794EC6-AA4A-4A99-A65D-7F455A253CED}"
EndProject
Project("{FAE04EC0-301F-11D3-BF4B-00C04F79EFBC}") = "UnitTestProject1", "UnitTestProject1\UnitTestProject1.csproj", "{4363ACCE-9E54-4F05-9C6A-248289241C4F}"
EndProject
Global
	GlobalSection(SolutionConfigurationPlatforms) = preSolution
		Debug|Any CPU = Debug|Any CPU
		Release|Any CPU = Release|Any CPU
	EndGlobalSection
	GlobalSection(ProjectConfigurationPlatforms) = postSolution
		{C1794EC6-AA4A-4A99-A65D-7F455A253CED}.Debug|Any CPU.ActiveCfg = Debug|Any CPU
		{C1794EC6-AA4A-4A99-A65D-7F455A253CED}.Debug|Any CPU.Build.0 = Debug|Any CPU
		{C1794EC6-AA4A-4A99-A65D-7F455A253CED}.Release|Any CPU.ActiveCfg = Release|Any CPU
		{C1794EC6-AA4A-4A99-A65D-7F455A253CED}.Release|Any CPU.Build.0 = Release|Any CPU
		{4363ACCE-9E54-4F05-9C6A-248289241C4F}.Debug|Any CPU.ActiveCfg = Debug|Any CPU
		{4363ACCE-9E54-4F05-9C6A-248289241C4F}.Debug|Any CPU.Build.0 = Debug|Any CPU
		{4363ACCE-9E54-4F05-9C6A-248289241C4F}.Release|Any CPU.ActiveCfg = Release|Any CPU
		{4363ACCE-9E54-4F05-9C6A-248289241C4F}.Release|Any CPU.Build.0 = Release|Any CPU
	EndGlobalSection
	GlobalSection(SolutionProperties) = preSolution
		HideSolutionNode = FALSE
	EndGlobalSection
EndGlobal
