
Microsoft Visual Studio Solution File, Format Version 12.00
# Visual Studio 15
VisualStudioVersion = 15.0.28307.852
MinimumVisualStudioVersion = 10.0.40219.1
Project("{FAE04EC0-301F-11D3-BF4B-00C04F79EFBC}") = "张旭的四则运算", "张旭的四则运算\张旭的四则运算.csproj", "{9B6133D3-5ECE-4258-9B70-C78347591666}"
EndProject
Global
	GlobalSection(SolutionConfigurationPlatforms) = preSolution
		Debug|Any CPU = Debug|Any CPU
		Release|Any CPU = Release|Any CPU
	EndGlobalSection
	GlobalSection(ProjectConfigurationPlatforms) = postSolution
		{9B6133D3-5ECE-4258-9B70-C78347591666}.Debug|Any CPU.ActiveCfg = Debug|Any CPU
		{9B6133D3-5ECE-4258-9B70-C78347591666}.Debug|Any CPU.Build.0 = Debug|Any CPU
		{9B6133D3-5ECE-4258-9B70-C78347591666}.Release|Any CPU.ActiveCfg = Release|Any CPU
		{9B6133D3-5ECE-4258-9B70-C78347591666}.Release|Any CPU.Build.0 = Release|Any CPU
	EndGlobalSection
	GlobalSection(SolutionProperties) = preSolution
		HideSolutionNode = FALSE
	EndGlobalSection
	GlobalSection(ExtensibilityGlobals) = postSolution
		SolutionGuid = {D63C0627-CAB1-409B-85BF-748497E4EAA7}
	EndGlobalSection
EndGlobal
