
Microsoft Visual Studio Solution File, Format Version 12.00
# Visual Studio Version 16
VisualStudioVersion = 16.0.28803.452
MinimumVisualStudioVersion = 10.0.40219.1
Project("{FAE04EC0-301F-11D3-BF4B-00C04F79EFBC}") = "ConsoleApp1", "ConsoleApp1\ConsoleApp1.csproj", "{A62B520F-52F6-4C47-98B5-E5FE208172BD}"
EndProject
Project("{FAE04EC0-301F-11D3-BF4B-00C04F79EFBC}") = "ConsoleUnitTest", "..\ConsoleUnitTest\ConsoleUnitTest.csproj", "{27379A94-BA26-40F6-8074-083811A5B700}"
EndProject
Global
	GlobalSection(SolutionConfigurationPlatforms) = preSolution
		Debug|Any CPU = Debug|Any CPU
		Debug|ARM = Debug|ARM
		Debug|ARM64 = Debug|ARM64
		Debug|x64 = Debug|x64
		Debug|x86 = Debug|x86
		Release|Any CPU = Release|Any CPU
		Release|ARM = Release|ARM
		Release|ARM64 = Release|ARM64
		Release|x64 = Release|x64
		Release|x86 = Release|x86
	EndGlobalSection
	GlobalSection(ProjectConfigurationPlatforms) = postSolution
		{A62B520F-52F6-4C47-98B5-E5FE208172BD}.Debug|Any CPU.ActiveCfg = Debug|Any CPU
		{A62B520F-52F6-4C47-98B5-E5FE208172BD}.Debug|Any CPU.Build.0 = Debug|Any CPU
		{A62B520F-52F6-4C47-98B5-E5FE208172BD}.Debug|ARM.ActiveCfg = Debug|Any CPU
		{A62B520F-52F6-4C47-98B5-E5FE208172BD}.Debug|ARM.Build.0 = Debug|Any CPU
		{A62B520F-52F6-4C47-98B5-E5FE208172BD}.Debug|ARM64.ActiveCfg = Debug|Any CPU
		{A62B520F-52F6-4C47-98B5-E5FE208172BD}.Debug|ARM64.Build.0 = Debug|Any CPU
		{A62B520F-52F6-4C47-98B5-E5FE208172BD}.Debug|x64.ActiveCfg = Debug|Any CPU
		{A62B520F-52F6-4C47-98B5-E5FE208172BD}.Debug|x64.Build.0 = Debug|Any CPU
		{A62B520F-52F6-4C47-98B5-E5FE208172BD}.Debug|x86.ActiveCfg = Debug|Any CPU
		{A62B520F-52F6-4C47-98B5-E5FE208172BD}.Debug|x86.Build.0 = Debug|Any CPU
		{A62B520F-52F6-4C47-98B5-E5FE208172BD}.Release|Any CPU.ActiveCfg = Release|Any CPU
		{A62B520F-52F6-4C47-98B5-E5FE208172BD}.Release|Any CPU.Build.0 = Release|Any CPU
		{A62B520F-52F6-4C47-98B5-E5FE208172BD}.Release|ARM.ActiveCfg = Release|Any CPU
		{A62B520F-52F6-4C47-98B5-E5FE208172BD}.Release|ARM.Build.0 = Release|Any CPU
		{A62B520F-52F6-4C47-98B5-E5FE208172BD}.Release|ARM64.ActiveCfg = Release|Any CPU
		{A62B520F-52F6-4C47-98B5-E5FE208172BD}.Release|ARM64.Build.0 = Release|Any CPU
		{A62B520F-52F6-4C47-98B5-E5FE208172BD}.Release|x64.ActiveCfg = Release|Any CPU
		{A62B520F-52F6-4C47-98B5-E5FE208172BD}.Release|x64.Build.0 = Release|Any CPU
		{A62B520F-52F6-4C47-98B5-E5FE208172BD}.Release|x86.ActiveCfg = Release|Any CPU
		{A62B520F-52F6-4C47-98B5-E5FE208172BD}.Release|x86.Build.0 = Release|Any CPU
		{27379A94-BA26-40F6-8074-083811A5B700}.Debug|Any CPU.ActiveCfg = Debug|Any CPU
		{27379A94-BA26-40F6-8074-083811A5B700}.Debug|Any CPU.Build.0 = Debug|Any CPU
		{27379A94-BA26-40F6-8074-083811A5B700}.Debug|ARM.ActiveCfg = Debug|Any CPU
		{27379A94-BA26-40F6-8074-083811A5B700}.Debug|ARM.Build.0 = Debug|Any CPU
		{27379A94-BA26-40F6-8074-083811A5B700}.Debug|ARM64.ActiveCfg = Debug|Any CPU
		{27379A94-BA26-40F6-8074-083811A5B700}.Debug|ARM64.Build.0 = Debug|Any CPU
		{27379A94-BA26-40F6-8074-083811A5B700}.Debug|x64.ActiveCfg = Debug|Any CPU
		{27379A94-BA26-40F6-8074-083811A5B700}.Debug|x64.Build.0 = Debug|Any CPU
		{27379A94-BA26-40F6-8074-083811A5B700}.Debug|x86.ActiveCfg = Debug|Any CPU
		{27379A94-BA26-40F6-8074-083811A5B700}.Debug|x86.Build.0 = Debug|Any CPU
		{27379A94-BA26-40F6-8074-083811A5B700}.Release|Any CPU.ActiveCfg = Release|Any CPU
		{27379A94-BA26-40F6-8074-083811A5B700}.Release|Any CPU.Build.0 = Release|Any CPU
		{27379A94-BA26-40F6-8074-083811A5B700}.Release|ARM.ActiveCfg = Release|Any CPU
		{27379A94-BA26-40F6-8074-083811A5B700}.Release|ARM.Build.0 = Release|Any CPU
		{27379A94-BA26-40F6-8074-083811A5B700}.Release|ARM64.ActiveCfg = Release|Any CPU
		{27379A94-BA26-40F6-8074-083811A5B700}.Release|ARM64.Build.0 = Release|Any CPU
		{27379A94-BA26-40F6-8074-083811A5B700}.Release|x64.ActiveCfg = Release|Any CPU
		{27379A94-BA26-40F6-8074-083811A5B700}.Release|x64.Build.0 = Release|Any CPU
		{27379A94-BA26-40F6-8074-083811A5B700}.Release|x86.ActiveCfg = Release|Any CPU
		{27379A94-BA26-40F6-8074-083811A5B700}.Release|x86.Build.0 = Release|Any CPU
	EndGlobalSection
	GlobalSection(SolutionProperties) = preSolution
		HideSolutionNode = FALSE
	EndGlobalSection
	GlobalSection(ExtensibilityGlobals) = postSolution
		SolutionGuid = {014915EF-4F5D-4E01-9A52-573E07436628}
	EndGlobalSection
EndGlobal
