
Microsoft Visual Studio Solution File, Format Version 12.00
# Visual Studio Version 16
VisualStudioVersion = 16.0.29306.81
MinimumVisualStudioVersion = 10.0.40219.1
Project("{FAE04EC0-301F-11D3-BF4B-00C04F79EFBC}") = "ConsoleApp2", "ConsoleApp2\ConsoleApp2.csproj", "{8189A900-2689-4F55-AF4A-925DC1C67E59}"
EndProject
Project("{FAE04EC0-301F-11D3-BF4B-00C04F79EFBC}") = "XUnitTestProject1", "XUnitTestProject1\XUnitTestProject1.csproj", "{29D83CB4-D4B4-42CE-9463-EB4DB5C714C7}"
EndProject
Global
	GlobalSection(SolutionConfigurationPlatforms) = preSolution
		Debug|Any CPU = Debug|Any CPU
		Release|Any CPU = Release|Any CPU
	EndGlobalSection
	GlobalSection(ProjectConfigurationPlatforms) = postSolution
		{8189A900-2689-4F55-AF4A-925DC1C67E59}.Debug|Any CPU.ActiveCfg = Debug|Any CPU
		{8189A900-2689-4F55-AF4A-925DC1C67E59}.Debug|Any CPU.Build.0 = Debug|Any CPU
		{8189A900-2689-4F55-AF4A-925DC1C67E59}.Release|Any CPU.ActiveCfg = Release|Any CPU
		{8189A900-2689-4F55-AF4A-925DC1C67E59}.Release|Any CPU.Build.0 = Release|Any CPU
		{29D83CB4-D4B4-42CE-9463-EB4DB5C714C7}.Debug|Any CPU.ActiveCfg = Debug|Any CPU
		{29D83CB4-D4B4-42CE-9463-EB4DB5C714C7}.Debug|Any CPU.Build.0 = Debug|Any CPU
		{29D83CB4-D4B4-42CE-9463-EB4DB5C714C7}.Release|Any CPU.ActiveCfg = Release|Any CPU
		{29D83CB4-D4B4-42CE-9463-EB4DB5C714C7}.Release|Any CPU.Build.0 = Release|Any CPU
	EndGlobalSection
	GlobalSection(SolutionProperties) = preSolution
		HideSolutionNode = FALSE
	EndGlobalSection
	GlobalSection(ExtensibilityGlobals) = postSolution
		SolutionGuid = {ABD04FFE-D956-4B10-AE73-CE9B60252AE2}
	EndGlobalSection
EndGlobal
