
Microsoft Visual Studio Solution File, Format Version 12.00
# Visual Studio Version 16
VisualStudioVersion = 16.0.29306.81
MinimumVisualStudioVersion = 10.0.40219.1
Project("{FAE04EC0-301F-11D3-BF4B-00C04F79EFBC}") = "StepEnter", "StepEnter\StepEnter.csproj", "{79B8142F-FBF3-4647-8CF9-73731F2AFF20}"
EndProject
Project("{FAE04EC0-301F-11D3-BF4B-00C04F79EFBC}") = "StepEnterTests", "StepEnterTests\StepEnterTests.csproj", "{A00D35DB-64E7-4AF1-B3F5-4F976D622160}"
EndProject
Global
	GlobalSection(SolutionConfigurationPlatforms) = preSolution
		Debug|Any CPU = Debug|Any CPU
		Release|Any CPU = Release|Any CPU
	EndGlobalSection
	GlobalSection(ProjectConfigurationPlatforms) = postSolution
		{79B8142F-FBF3-4647-8CF9-73731F2AFF20}.Debug|Any CPU.ActiveCfg = Debug|Any CPU
		{79B8142F-FBF3-4647-8CF9-73731F2AFF20}.Debug|Any CPU.Build.0 = Debug|Any CPU
		{79B8142F-FBF3-4647-8CF9-73731F2AFF20}.Release|Any CPU.ActiveCfg = Release|Any CPU
		{79B8142F-FBF3-4647-8CF9-73731F2AFF20}.Release|Any CPU.Build.0 = Release|Any CPU
		{A00D35DB-64E7-4AF1-B3F5-4F976D622160}.Debug|Any CPU.ActiveCfg = Debug|Any CPU
		{A00D35DB-64E7-4AF1-B3F5-4F976D622160}.Debug|Any CPU.Build.0 = Debug|Any CPU
		{A00D35DB-64E7-4AF1-B3F5-4F976D622160}.Release|Any CPU.ActiveCfg = Release|Any CPU
		{A00D35DB-64E7-4AF1-B3F5-4F976D622160}.Release|Any CPU.Build.0 = Release|Any CPU
	EndGlobalSection
	GlobalSection(SolutionProperties) = preSolution
		HideSolutionNode = FALSE
	EndGlobalSection
	GlobalSection(ExtensibilityGlobals) = postSolution
		SolutionGuid = {17DC8BBC-F2B7-4A37-9338-D98199383C20}
	EndGlobalSection
EndGlobal
