
Microsoft Visual Studio Solution File, Format Version 12.00
# Visual Studio 15
VisualStudioVersion = 15.0.28307.852
MinimumVisualStudioVersion = 10.0.40219.1
Project("{FAE04EC0-301F-11D3-BF4B-00C04F79EFBC}") = "feifeifei的四则运算", "feifeifei的四则运算\feifeifei的四则运算.csproj", "{E4918DD5-96E6-483A-9BA9-824D9B21B86D}"
EndProject
Project("{FAE04EC0-301F-11D3-BF4B-00C04F79EFBC}") = "feifeifeiTEST", "feifeifeiTEST\feifeifeiTEST.csproj", "{67485F91-F3E1-48FB-8198-0E28956C2081}"
EndProject
Project("{FAE04EC0-301F-11D3-BF4B-00C04F79EFBC}") = "UnitTestProject1", "UnitTestProject1\UnitTestProject1.csproj", "{02FB4ED9-9F53-4C93-A83E-30A6EE07FC3D}"
EndProject
Global
	GlobalSection(SolutionConfigurationPlatforms) = preSolution
		Debug|Any CPU = Debug|Any CPU
		Release|Any CPU = Release|Any CPU
	EndGlobalSection
	GlobalSection(ProjectConfigurationPlatforms) = postSolution
		{E4918DD5-96E6-483A-9BA9-824D9B21B86D}.Debug|Any CPU.ActiveCfg = Debug|Any CPU
		{E4918DD5-96E6-483A-9BA9-824D9B21B86D}.Debug|Any CPU.Build.0 = Debug|Any CPU
		{E4918DD5-96E6-483A-9BA9-824D9B21B86D}.Release|Any CPU.ActiveCfg = Release|Any CPU
		{E4918DD5-96E6-483A-9BA9-824D9B21B86D}.Release|Any CPU.Build.0 = Release|Any CPU
		{67485F91-F3E1-48FB-8198-0E28956C2081}.Debug|Any CPU.ActiveCfg = Debug|Any CPU
		{67485F91-F3E1-48FB-8198-0E28956C2081}.Debug|Any CPU.Build.0 = Debug|Any CPU
		{67485F91-F3E1-48FB-8198-0E28956C2081}.Release|Any CPU.ActiveCfg = Release|Any CPU
		{67485F91-F3E1-48FB-8198-0E28956C2081}.Release|Any CPU.Build.0 = Release|Any CPU
		{02FB4ED9-9F53-4C93-A83E-30A6EE07FC3D}.Debug|Any CPU.ActiveCfg = Debug|Any CPU
		{02FB4ED9-9F53-4C93-A83E-30A6EE07FC3D}.Debug|Any CPU.Build.0 = Debug|Any CPU
		{02FB4ED9-9F53-4C93-A83E-30A6EE07FC3D}.Release|Any CPU.ActiveCfg = Release|Any CPU
		{02FB4ED9-9F53-4C93-A83E-30A6EE07FC3D}.Release|Any CPU.Build.0 = Release|Any CPU
	EndGlobalSection
	GlobalSection(SolutionProperties) = preSolution
		HideSolutionNode = FALSE
	EndGlobalSection
	GlobalSection(ExtensibilityGlobals) = postSolution
		SolutionGuid = {A7974E82-4F21-4708-9FE1-9048A1E13B06}
	EndGlobalSection
EndGlobal
