
Microsoft Visual Studio Solution File, Format Version 12.00
# Visual Studio 15
VisualStudioVersion = 15.0.28307.852
MinimumVisualStudioVersion = 10.0.40219.1
Project("{9A19103F-16F7-4668-BE54-9A1E7A4F7556}") = "Calculator", "Calculator\Calculator.csproj", "{4D10F93A-CB8C-4462-AA15-BA126974271E}"
EndProject
Project("{FAE04EC0-301F-11D3-BF4B-00C04F79EFBC}") = "XUnitTestProject1", "XUnitTestProject1\XUnitTestProject1.csproj", "{F1D79991-24BC-4AF7-A636-33E86D73ED2C}"
EndProject
Global
	GlobalSection(SolutionConfigurationPlatforms) = preSolution
		Debug|Any CPU = Debug|Any CPU
		Release|Any CPU = Release|Any CPU
	EndGlobalSection
	GlobalSection(ProjectConfigurationPlatforms) = postSolution
		{4D10F93A-CB8C-4462-AA15-BA126974271E}.Debug|Any CPU.ActiveCfg = Debug|Any CPU
		{4D10F93A-CB8C-4462-AA15-BA126974271E}.Debug|Any CPU.Build.0 = Debug|Any CPU
		{4D10F93A-CB8C-4462-AA15-BA126974271E}.Release|Any CPU.ActiveCfg = Release|Any CPU
		{4D10F93A-CB8C-4462-AA15-BA126974271E}.Release|Any CPU.Build.0 = Release|Any CPU
		{F1D79991-24BC-4AF7-A636-33E86D73ED2C}.Debug|Any CPU.ActiveCfg = Debug|Any CPU
		{F1D79991-24BC-4AF7-A636-33E86D73ED2C}.Debug|Any CPU.Build.0 = Debug|Any CPU
		{F1D79991-24BC-4AF7-A636-33E86D73ED2C}.Release|Any CPU.ActiveCfg = Release|Any CPU
		{F1D79991-24BC-4AF7-A636-33E86D73ED2C}.Release|Any CPU.Build.0 = Release|Any CPU
	EndGlobalSection
	GlobalSection(SolutionProperties) = preSolution
		HideSolutionNode = FALSE
	EndGlobalSection
	GlobalSection(ExtensibilityGlobals) = postSolution
		SolutionGuid = {386B1A1B-BE14-433F-9270-74225FDCEF87}
	EndGlobalSection
EndGlobal
