
Microsoft Visual Studio Solution File, Format Version 12.00
# Visual Studio 15
VisualStudioVersion = 15.0.28307.852
MinimumVisualStudioVersion = 10.0.40219.1
Project("{FAE04EC0-301F-11D3-BF4B-00C04F79EFBC}") = "Calculator", "Calculator\Calculator.csproj", "{4998157A-B99F-44D6-AFEE-7DAA1BB6DBE7}"
EndProject
Global
	GlobalSection(SolutionConfigurationPlatforms) = preSolution
		Debug|Any CPU = Debug|Any CPU
		Release|Any CPU = Release|Any CPU
	EndGlobalSection
	GlobalSection(ProjectConfigurationPlatforms) = postSolution
		{4998157A-B99F-44D6-AFEE-7DAA1BB6DBE7}.Debug|Any CPU.ActiveCfg = Debug|Any CPU
		{4998157A-B99F-44D6-AFEE-7DAA1BB6DBE7}.Debug|Any CPU.Build.0 = Debug|Any CPU
		{4998157A-B99F-44D6-AFEE-7DAA1BB6DBE7}.Release|Any CPU.ActiveCfg = Release|Any CPU
		{4998157A-B99F-44D6-AFEE-7DAA1BB6DBE7}.Release|Any CPU.Build.0 = Release|Any CPU
	EndGlobalSection
	GlobalSection(SolutionProperties) = preSolution
		HideSolutionNode = FALSE
	EndGlobalSection
	GlobalSection(ExtensibilityGlobals) = postSolution
		SolutionGuid = {4C909018-1CBF-4EF7-83C7-8FB5B30B12A0}
	EndGlobalSection
EndGlobal
