
Microsoft Visual Studio Solution File, Format Version 12.00
# Visual Studio 15
VisualStudioVersion = 15.0.28307.438
MinimumVisualStudioVersion = 10.0.40219.1
Project("{FAE04EC0-301F-11D3-BF4B-00C04F79EFBC}") = "Calculator", "Calculator\Calculator.csproj", "{44DB9459-EEB6-4862-8B86-974C503BD804}"
EndProject
Project("{FAE04EC0-301F-11D3-BF4B-00C04F79EFBC}") = "CalculatorTests2", "CalculatorTests2\CalculatorTests2.csproj", "{7AFD2A16-E11D-45D8-AC19-230044764102}"
EndProject
Global
	GlobalSection(SolutionConfigurationPlatforms) = preSolution
		Debug|Any CPU = Debug|Any CPU
		Release|Any CPU = Release|Any CPU
	EndGlobalSection
	GlobalSection(ProjectConfigurationPlatforms) = postSolution
		{44DB9459-EEB6-4862-8B86-974C503BD804}.Debug|Any CPU.ActiveCfg = Debug|Any CPU
		{44DB9459-EEB6-4862-8B86-974C503BD804}.Debug|Any CPU.Build.0 = Debug|Any CPU
		{44DB9459-EEB6-4862-8B86-974C503BD804}.Release|Any CPU.ActiveCfg = Release|Any CPU
		{44DB9459-EEB6-4862-8B86-974C503BD804}.Release|Any CPU.Build.0 = Release|Any CPU
		{7AFD2A16-E11D-45D8-AC19-230044764102}.Debug|Any CPU.ActiveCfg = Debug|Any CPU
		{7AFD2A16-E11D-45D8-AC19-230044764102}.Debug|Any CPU.Build.0 = Debug|Any CPU
		{7AFD2A16-E11D-45D8-AC19-230044764102}.Release|Any CPU.ActiveCfg = Release|Any CPU
		{7AFD2A16-E11D-45D8-AC19-230044764102}.Release|Any CPU.Build.0 = Release|Any CPU
	EndGlobalSection
	GlobalSection(SolutionProperties) = preSolution
		HideSolutionNode = FALSE
	EndGlobalSection
	GlobalSection(ExtensibilityGlobals) = postSolution
		SolutionGuid = {3B643D1C-5B13-4A04-A674-DDC7B7C60EF9}
	EndGlobalSection
EndGlobal
